{
  "name": "nest-drizzle-postgres-fixture",
  "lockfileVersion": 3,
  "requires": true,
  "packages": {
    "": {
      "name": "nest-drizzle-postgres-fixture",
      "dependencies": {
        "@nestjs/platform-fastify": "11.1.12",
        "drizzle-orm": "0.44.7",
        "pg": "8.16.3"
      }
    }
  }
}
